// !$*UTF8*$!
{
	archiveVersion = 1;
	classes = {
	};
	objectVersion = 50;
	objects = {

/* Begin PBXBuildFile section */
		8002F9EE24762DDA002DD347 /* MainViewController.swift in Sources */ = {isa = PBXBuildFile; fileRef = 8002F9ED24762DDA002DD347 /* MainViewController.swift */; };
		800C2C0F247580C9009FAE59 /* VideoCell.swift in Sources */ = {isa = PBXBuildFile; fileRef = 800C2C0E247580C9009FAE59 /* VideoCell.swift */; };
		800C2C1124758ADC009FAE59 /* Constantes.swift in Sources */ = {isa = PBXBuildFile; fileRef = 800C2C1024758ADC009FAE59 /* Constantes.swift */; };
		800C2C162475A860009FAE59 /* Video.swift in Sources */ = {isa = PBXBuildFile; fileRef = 800C2C152475A860009FAE59 /* Video.swift */; };
		809878FE2476558C00FD30D4 /* ExampleNS.swift in Sources */ = {isa = PBXBuildFile; fileRef = 809878FD2476558C00FD30D4 /* ExampleNS.swift */; };
		80C388F024743BC800FCE28F /* AppDelegate.swift in Sources */ = {isa = PBXBuildFile; fileRef = 80C388EF24743BC800FCE28F /* AppDelegate.swift */; };
		80C388F224743BC800FCE28F /* SceneDelegate.swift in Sources */ = {isa = PBXBuildFile; fileRef = 80C388F124743BC800FCE28F /* SceneDelegate.swift */; };
		80C388F424743BC800FCE28F /* ViewController.swift in Sources */ = {isa = PBXBuildFile; fileRef = 80C388F324743BC800FCE28F /* ViewController.swift */; };
		80C388F924743BCB00FCE28F /* Assets.xcassets in Resources */ = {isa = PBXBuildFile; fileRef = 80C388F824743BCB00FCE28F /* Assets.xcassets */; };
		80C388FC24743BCB00FCE28F /* LaunchScreen.storyboard in Resources */ = {isa = PBXBuildFile; fileRef = 80C388FA24743BCB00FCE28F /* LaunchScreen.storyboard */; };
		80C3890A247493B700FCE28F /* Default-568h@2x.png in Resources */ = {isa = PBXBuildFile; fileRef = 80C38909247493B700FCE28F /* Default-568h@2x.png */; };
		80C3890D247493F900FCE28F /* UIViewExtension.swift in Sources */ = {isa = PBXBuildFile; fileRef = 80C3890C247493F900FCE28F /* UIViewExtension.swift */; };
/* End PBXBuildFile section */

/* Begin PBXFileReference section */
		8002F9ED24762DDA002DD347 /* MainViewController.swift */ = {isa = PBXFileReference; lastKnownFileType = sourcecode.swift; path = MainViewController.swift; sourceTree = "<group>"; };
		800C2C0E247580C9009FAE59 /* VideoCell.swift */ = {isa = PBXFileReference; lastKnownFileType = sourcecode.swift; path = VideoCell.swift; sourceTree = "<group>"; };
		800C2C1024758ADC009FAE59 /* Constantes.swift */ = {isa = PBXFileReference; lastKnownFileType = sourcecode.swift; path = Constantes.swift; sourceTree = "<group>"; };
		800C2C152475A860009FAE59 /* Video.swift */ = {isa = PBXFileReference; lastKnownFileType = sourcecode.swift; name = Video.swift; path = UITableViewcODE/Model/Video.swift; sourceTree = SOURCE_ROOT; usesTabs = 0; };
		809878FD2476558C00FD30D4 /* ExampleNS.swift */ = {isa = PBXFileReference; lastKnownFileType = sourcecode.swift; path = ExampleNS.swift; sourceTree = "<group>"; };
		80C388EC24743BC800FCE28F /* UITableViewcODE.app */ = {isa = PBXFileReference; explicitFileType = wrapper.application; includeInIndex = 0; path = UITableViewcODE.app; sourceTree = BUILT_PRODUCTS_DIR; };
		80C388EF24743BC800FCE28F /* AppDelegate.swift */ = {isa = PBXFileReference; lastKnownFileType = sourcecode.swift; path = AppDelegate.swift; sourceTree = "<group>"; };
		80C388F124743BC800FCE28F /* SceneDelegate.swift */ = {isa = PBXFileReference; lastKnownFileType = sourcecode.swift; path = SceneDelegate.swift; sourceTree = "<group>"; };
		80C388F324743BC800FCE28F /* ViewController.swift */ = {isa = PBXFileReference; lastKnownFileType = sourcecode.swift; path = ViewController.swift; sourceTree = "<group>"; };
		80C388F824743BCB00FCE28F /* Assets.xcassets */ = {isa = PBXFileReference; lastKnownFileType = folder.assetcatalog; path = Assets.xcassets; sourceTree = "<group>"; };
		80C388FB24743BCB00FCE28F /* Base */ = {isa = PBXFileReference; lastKnownFileType = file.storyboard; name = Base; path = Base.lproj/LaunchScreen.storyboard; sourceTree = "<group>"; };
		80C388FD24743BCB00FCE28F /* Info.plist */ = {isa = PBXFileReference; lastKnownFileType = text.plist.xml; path = Info.plist; sourceTree = "<group>"; };
		80C38909247493B700FCE28F /* Default-568h@2x.png */ = {isa = PBXFileReference; lastKnownFileType = image.png; path = "Default-568h@2x.png"; sourceTree = "<group>"; };
		80C3890C247493F900FCE28F /* UIViewExtension.swift */ = {isa = PBXFileReference; lastKnownFileType = sourcecode.swift; path = UIViewExtension.swift; sourceTree = "<group>"; };
/* End PBXFileReference section */

/* Begin PBXFrameworksBuildPhase section */
		80C388E924743BC800FCE28F /* Frameworks */ = {
			isa = PBXFrameworksBuildPhase;
			buildActionMask = 2147483647;
			files = (
			);
			runOnlyForDeploymentPostprocessing = 0;
		};
/* End PBXFrameworksBuildPhase section */

/* Begin PBXGroup section */
		8002F9EA24762A67002DD347 /* Video */ = {
			isa = PBXGroup;
			children = (
				80C388F324743BC800FCE28F /* ViewController.swift */,
				800C2C0E247580C9009FAE59 /* VideoCell.swift */,
			);
			path = Video;
			sourceTree = "<group>";
		};
		8002F9EB24762D33002DD347 /* main */ = {
			isa = PBXGroup;
			children = (
				8002F9ED24762DDA002DD347 /* MainViewController.swift */,
			);
			path = main;
			sourceTree = "<group>";
		};
		809878FC2476555F00FD30D4 /* Operations */ = {
			isa = PBXGroup;
			children = (
				809878FD2476558C00FD30D4 /* ExampleNS.swift */,
			);
			path = Operations;
			sourceTree = "<group>";
		};
		80C388E324743BC800FCE28F = {
			isa = PBXGroup;
			children = (
				80C38909247493B700FCE28F /* Default-568h@2x.png */,
				80C388EE24743BC800FCE28F /* UITableViewcODE */,
				80C388ED24743BC800FCE28F /* Products */,
			);
			sourceTree = "<group>";
		};
		80C388ED24743BC800FCE28F /* Products */ = {
			isa = PBXGroup;
			children = (
				80C388EC24743BC800FCE28F /* UITableViewcODE.app */,
			);
			name = Products;
			sourceTree = "<group>";
		};
		80C388EE24743BC800FCE28F /* UITableViewcODE */ = {
			isa = PBXGroup;
			children = (
				809878FC2476555F00FD30D4 /* Operations */,
				80C389082474919500FCE28F /* Resources */,
				80C389072474918300FCE28F /* Supporting */,
				80C389062474917A00FCE28F /* Model */,
				80C389052474916A00FCE28F /* Utilities */,
				80C3890324747DF200FCE28F /* UI */,
			);
			path = UITableViewcODE;
			sourceTree = "<group>";
		};
		80C3890324747DF200FCE28F /* UI */ = {
			isa = PBXGroup;
			children = (
				80FF1BA224781DEB00516A04 /* calculator */,
				80D8367E2476D54F00EA9E21 /* ColletionView */,
				8002F9EB24762D33002DD347 /* main */,
				8002F9EA24762A67002DD347 /* Video */,
			);
			path = UI;
			sourceTree = "<group>";
		};
		80C389052474916A00FCE28F /* Utilities */ = {
			isa = PBXGroup;
			children = (
				80C3890B247493D200FCE28F /* Extensions */,
			);
			path = Utilities;
			sourceTree = "<group>";
		};
		80C389062474917A00FCE28F /* Model */ = {
			isa = PBXGroup;
			children = (
				800C2C152475A860009FAE59 /* Video.swift */,
			);
			path = Model;
			sourceTree = "<group>";
		};
		80C389072474918300FCE28F /* Supporting */ = {
			isa = PBXGroup;
			children = (
				80C388FA24743BCB00FCE28F /* LaunchScreen.storyboard */,
				80C388FD24743BCB00FCE28F /* Info.plist */,
				80C388EF24743BC800FCE28F /* AppDelegate.swift */,
				80C388F124743BC800FCE28F /* SceneDelegate.swift */,
			);
			path = Supporting;
			sourceTree = "<group>";
		};
		80C389082474919500FCE28F /* Resources */ = {
			isa = PBXGroup;
			children = (
				80C388F824743BCB00FCE28F /* Assets.xcassets */,
			);
			path = Resources;
			sourceTree = "<group>";
		};
		80C3890B247493D200FCE28F /* Extensions */ = {
			isa = PBXGroup;
			children = (
				80C3890C247493F900FCE28F /* UIViewExtension.swift */,
				800C2C1024758ADC009FAE59 /* Constantes.swift */,
			);
			path = Extensions;
			sourceTree = "<group>";
		};
		80D8367E2476D54F00EA9E21 /* ColletionView */ = {
			isa = PBXGroup;
			children = (
			);
			path = ColletionView;
			sourceTree = "<group>";
		};
		80FF1BA224781DEB00516A04 /* calculator */ = {
			isa = PBXGroup;
			children = (
			);
			path = calculator;
			sourceTree = "<group>";
		};
/* End PBXGroup section */

/* Begin PBXNativeTarget section */
		80C388EB24743BC800FCE28F /* UITableViewcODE */ = {
			isa = PBXNativeTarget;
			buildConfigurationList = 80C3890024743BCB00FCE28F /* Build configuration list for PBXNativeTarget "UITableViewcODE" */;
			buildPhases = (
				80C388E824743BC800FCE28F /* Sources */,
				80C388E924743BC800FCE28F /* Frameworks */,
				80C388EA24743BC800FCE28F /* Resources */,
			);
			buildRules = (
			);
			dependencies = (
			);
			name = UITableViewcODE;
			productName = UITableViewcODE;
			productReference = 80C388EC24743BC800FCE28F /* UITableViewcODE.app */;
			productType = "com.apple.product-type.application";
		};
/* End PBXNativeTarget section */

/* Begin PBXProject section */
		80C388E424743BC800FCE28F /* Project object */ = {
			isa = PBXProject;
			attributes = {
				LastSwiftUpdateCheck = 1140;
				LastUpgradeCheck = 1140;
				ORGANIZATIONNAME = "Carlos Esteban Quezada Pelaez - Ceiba Software";
				TargetAttributes = {
					80C388EB24743BC800FCE28F = {
						CreatedOnToolsVersion = 11.4.1;
					};
				};
			};
			buildConfigurationList = 80C388E724743BC800FCE28F /* Build configuration list for PBXProject "UITableViewcODE" */;
			compatibilityVersion = "Xcode 9.3";
			developmentRegion = en;
			hasScannedForEncodings = 0;
			knownRegions = (
				en,
				Base,
			);
			mainGroup = 80C388E324743BC800FCE28F;
			productRefGroup = 80C388ED24743BC800FCE28F /* Products */;
			projectDirPath = "";
			projectRoot = "";
			targets = (
				80C388EB24743BC800FCE28F /* UITableViewcODE */,
			);
		};
/* End PBXProject section */

/* Begin PBXResourcesBuildPhase section */
		80C388EA24743BC800FCE28F /* Resources */ = {
			isa = PBXResourcesBuildPhase;
			buildActionMask = 2147483647;
			files = (
				80C388FC24743BCB00FCE28F /* LaunchScreen.storyboard in Resources */,
				80C388F924743BCB00FCE28F /* Assets.xcassets in Resources */,
				80C3890A247493B700FCE28F /* Default-568h@2x.png in Resources */,
			);
			runOnlyForDeploymentPostprocessing = 0;
		};
/* End PBXResourcesBuildPhase section */

/* Begin PBXSourcesBuildPhase section */
		80C388E824743BC800FCE28F /* Sources */ = {
			isa = PBXSourcesBuildPhase;
			buildActionMask = 2147483647;
			files = (
				800C2C0F247580C9009FAE59 /* VideoCell.swift in Sources */,
				800C2C1124758ADC009FAE59 /* Constantes.swift in Sources */,
				80C388F424743BC800FCE28F /* ViewController.swift in Sources */,
				80C388F024743BC800FCE28F /* AppDelegate.swift in Sources */,
				80C3890D247493F900FCE28F /* UIViewExtension.swift in Sources */,
				809878FE2476558C00FD30D4 /* ExampleNS.swift in Sources */,
				800C2C162475A860009FAE59 /* Video.swift in Sources */,
				80C388F224743BC800FCE28F /* SceneDelegate.swift in Sources */,
				8002F9EE24762DDA002DD347 /* MainViewController.swift in Sources */,
			);
			runOnlyForDeploymentPostprocessing = 0;
		};
/* End PBXSourcesBuildPhase section */

/* Begin PBXVariantGroup section */
		80C388FA24743BCB00FCE28F /* LaunchScreen.storyboard */ = {
			isa = PBXVariantGroup;
			children = (
				80C388FB24743BCB00FCE28F /* Base */,
			);
			name = LaunchScreen.storyboard;
			sourceTree = "<group>";
		};
/* End PBXVariantGroup section */

/* Begin XCBuildConfiguration section */
		80C388FE24743BCB00FCE28F /* Debug */ = {
			isa = XCBuildConfiguration;
			buildSettings = {
				ALWAYS_SEARCH_USER_PATHS = NO;
				CLANG_ANALYZER_NONNULL = YES;
				CLANG_ANALYZER_NUMBER_OBJECT_CONVERSION = YES_AGGRESSIVE;
				CLANG_CXX_LANGUAGE_STANDARD = "gnu++14";
				CLANG_CXX_LIBRARY = "libc++";
				CLANG_ENABLE_MODULES = YES;
				CLANG_ENABLE_OBJC_ARC = YES;
				CLANG_ENABLE_OBJC_WEAK = YES;
				CLANG_WARN_BLOCK_CAPTURE_AUTORELEASING = YES;
				CLANG_WARN_BOOL_CONVERSION = YES;
				CLANG_WARN_COMMA = YES;
				CLANG_WARN_CONSTANT_CONVERSION = YES;
				CLANG_WARN_DEPRECATED_OBJC_IMPLEMENTATIONS = YES;
				CLANG_WARN_DIRECT_OBJC_ISA_USAGE = YES_ERROR;
				CLANG_WARN_DOCUMENTATION_COMMENTS = YES;
				CLANG_WARN_EMPTY_BODY = YES;
				CLANG_WARN_ENUM_CONVERSION = YES;
				CLANG_WARN_INFINITE_RECURSION = YES;
				CLANG_WARN_INT_CONVERSION = YES;
				CLANG_WARN_NON_LITERAL_NULL_CONVERSION = YES;
				CLANG_WARN_OBJC_IMPLICIT_RETAIN_SELF = YES;
				CLANG_WARN_OBJC_LITERAL_CONVERSION = YES;
				CLANG_WARN_OBJC_ROOT_CLASS = YES_ERROR;
				CLANG_WARN_RANGE_LOOP_ANALYSIS = YES;
				CLANG_WARN_STRICT_PROTOTYPES = YES;
				CLANG_WARN_SUSPICIOUS_MOVE = YES;
				CLANG_WARN_UNGUARDED_AVAILABILITY = YES_AGGRESSIVE;
				CLANG_WARN_UNREACHABLE_CODE = YES;
				CLANG_WARN__DUPLICATE_METHOD_MATCH = YES;
				COPY_PHASE_STRIP = NO;
				DEBUG_INFORMATION_FORMAT = dwarf;
				ENABLE_STRICT_OBJC_MSGSEND = YES;
				ENABLE_TESTABILITY = YES;
				GCC_C_LANGUAGE_STANDARD = gnu11;
				GCC_DYNAMIC_NO_PIC = NO;
				GCC_NO_COMMON_BLOCKS = YES;
				GCC_OPTIMIZATION_LEVEL = 0;
				GCC_PREPROCESSOR_DEFINITIONS = (
					"DEBUG=1",
					"$(inherited)",
				);
				GCC_WARN_64_TO_32_BIT_CONVERSION = YES;
				GCC_WARN_ABOUT_RETURN_TYPE = YES_ERROR;
				GCC_WARN_UNDECLARED_SELECTOR = YES;
				GCC_WARN_UNINITIALIZED_AUTOS = YES_AGGRESSIVE;
				GCC_WARN_UNUSED_FUNCTION = YES;
				GCC_WARN_UNUSED_VARIABLE = YES;
				INFOPLIST_FILE = "";
				IPHONEOS_DEPLOYMENT_TARGET = 13.4;
				MTL_ENABLE_DEBUG_INFO = INCLUDE_SOURCE;
				MTL_FAST_MATH = YES;
				ONLY_ACTIVE_ARCH = YES;
				SDKROOT = iphoneos;
				SWIFT_ACTIVE_COMPILATION_CONDITIONS = DEBUG;
				SWIFT_OPTIMIZATION_LEVEL = "-Onone";
			};
			name = Debug;
		};
		80C388FF24743BCB00FCE28F /* Release */ = {
			isa = XCBuildConfiguration;
			buildSettings = {
				ALWAYS_SEARCH_USER_PATHS = NO;
				CLANG_ANALYZER_NONNULL = YES;
				CLANG_ANALYZER_NUMBER_OBJECT_CONVERSION = YES_AGGRESSIVE;
				CLANG_CXX_LANGUAGE_STANDARD = "gnu++14";
				CLANG_CXX_LIBRARY = "libc++";
				CLANG_ENABLE_MODULES = YES;
				CLANG_ENABLE_OBJC_ARC = YES;
				CLANG_ENABLE_OBJC_WEAK = YES;
				CLANG_WARN_BLOCK_CAPTURE_AUTORELEASING = YES;
				CLANG_WARN_BOOL_CONVERSION = YES;
				CLANG_WARN_COMMA = YES;
				CLANG_WARN_CONSTANT_CONVERSION = YES;
				CLANG_WARN_DEPRECATED_OBJC_IMPLEMENTATIONS = YES;
				CLANG_WARN_DIRECT_OBJC_ISA_USAGE = YES_ERROR;
				CLANG_WARN_DOCUMENTATION_COMMENTS = YES;
				CLANG_WARN_EMPTY_BODY = YES;
				CLANG_WARN_ENUM_CONVERSION = YES;
				CLANG_WARN_INFINITE_RECURSION = YES;
				CLANG_WARN_INT_CONVERSION = YES;
				CLANG_WARN_NON_LITERAL_NULL_CONVERSION = YES;
				CLANG_WARN_OBJC_IMPLICIT_RETAIN_SELF = YES;
				CLANG_WARN_OBJC_LITERAL_CONVERSION = YES;
				CLANG_WARN_OBJC_ROOT_CLASS = YES_ERROR;
				CLANG_WARN_RANGE_LOOP_ANALYSIS = YES;
				CLANG_WARN_STRICT_PROTOTYPES = YES;
				CLANG_WARN_SUSPICIOUS_MOVE = YES;
				CLANG_WARN_UNGUARDED_AVAILABILITY = YES_AGGRESSIVE;
				CLANG_WARN_UNREACHABLE_CODE = YES;
				CLANG_WARN__DUPLICATE_METHOD_MATCH = YES;
				COPY_PHASE_STRIP = NO;
				DEBUG_INFORMATION_FORMAT = "dwarf-with-dsym";
				ENABLE_NS_ASSERTIONS = NO;
				ENABLE_STRICT_OBJC_MSGSEND = YES;
				GCC_C_LANGUAGE_STANDARD = gnu11;
				GCC_NO_COMMON_BLOCKS = YES;
				GCC_WARN_64_TO_32_BIT_CONVERSION = YES;
				GCC_WARN_ABOUT_RETURN_TYPE = YES_ERROR;
				GCC_WARN_UNDECLARED_SELECTOR = YES;
				GCC_WARN_UNINITIALIZED_AUTOS = YES_AGGRESSIVE;
				GCC_WARN_UNUSED_FUNCTION = YES;
				GCC_WARN_UNUSED_VARIABLE = YES;
				INFOPLIST_FILE = "";
				IPHONEOS_DEPLOYMENT_TARGET = 13.4;
				MTL_ENABLE_DEBUG_INFO = NO;
				MTL_FAST_MATH = YES;
				SDKROOT = iphoneos;
				SWIFT_COMPILATION_MODE = wholemodule;
				SWIFT_OPTIMIZATION_LEVEL = "-O";
				VALIDATE_PRODUCT = YES;
			};
			name = Release;
		};
		80C3890124743BCB00FCE28F /* Debug */ = {
			isa = XCBuildConfiguration;
			buildSettings = {
				ASSETCATALOG_COMPILER_APPICON_NAME = AppIcon;
				CODE_SIGN_STYLE = Automatic;
				INFOPLIST_FILE = UITableViewcODE/Supporting/Info.plist;
				LD_RUNPATH_SEARCH_PATHS = (
					"$(inherited)",
					"@executable_path/Frameworks",
				);
				PRODUCT_BUNDLE_IDENTIFIER = Ejemplos.UITableViewcODE;
				PRODUCT_NAME = "$(TARGET_NAME)";
				SWIFT_VERSION = 5.0;
				TARGETED_DEVICE_FAMILY = "1,2";
			};
			name = Debug;
		};
		80C3890224743BCB00FCE28F /* Release */ = {
			isa = XCBuildConfiguration;
			buildSettings = {
				ASSETCATALOG_COMPILER_APPICON_NAME = AppIcon;
				CODE_SIGN_STYLE = Automatic;
				INFOPLIST_FILE = UITableViewcODE/Supporting/Info.plist;
				LD_RUNPATH_SEARCH_PATHS = (
					"$(inherited)",
					"@executable_path/Frameworks",
				);
				PRODUCT_BUNDLE_IDENTIFIER = Ejemplos.UITableViewcODE;
				PRODUCT_NAME = "$(TARGET_NAME)";
				SWIFT_VERSION = 5.0;
				TARGETED_DEVICE_FAMILY = "1,2";
			};
			name = Release;
		};
/* End XCBuildConfiguration section */

/* Begin XCConfigurationList section */
		80C388E724743BC800FCE28F /* Build configuration list for PBXProject "UITableViewcODE" */ = {
			isa = XCConfigurationList;
			buildConfigurations = (
				80C388FE24743BCB00FCE28F /* Debug */,
				80C388FF24743BCB00FCE28F /* Release */,
			);
			defaultConfigurationIsVisible = 0;
			defaultConfigurationName = Release;
		};
		80C3890024743BCB00FCE28F /* Build configuration list for PBXNativeTarget "UITableViewcODE" */ = {
			isa = XCConfigurationList;
			buildConfigurations = (
				80C3890124743BCB00FCE28F /* Debug */,
				80C3890224743BCB00FCE28F /* Release */,
			);
			defaultConfigurationIsVisible = 0;
			defaultConfigurationName = Release;
		};
/* End XCConfigurationList section */
	};
	rootObject = 80C388E424743BC800FCE28F /* Project object */;
}
